// !$*UTF8*$!
{
	archiveVersion = 1;
	classes = {
	};
	objectVersion = 50;
	objects = {

/* Begin PBXBuildFile section */
		187711A9217B57810086DE5C /* UMCommon.framework in Frameworks */ = {isa = PBXBuildFile; fileRef = 187711A8217B57810086DE5C /* UMCommon.framework */; };
		187711AB217B589E0086DE5C /* CoreTelephony.framework in Frameworks */ = {isa = PBXBuildFile; fileRef = 187711AA217B589E0086DE5C /* CoreTelephony.framework */; };
		187711AD217B58A70086DE5C /* libz.tbd in Frameworks */ = {isa = PBXBuildFile; fileRef = 187711AC217B58A70086DE5C /* libz.tbd */; };
		187711AF217B58BB0086DE5C /* libsqlite3.tbd in Frameworks */ = {isa = PBXBuildFile; fileRef = 187711AE217B58BA0086DE5C /* libsqlite3.tbd */; };
		187711B1217B58C60086DE5C /* SystemConfiguration.framework in Frameworks */ = {isa = PBXBuildFile; fileRef = 187711B0217B58C60086DE5C /* SystemConfiguration.framework */; };
		187711B4217B5B110086DE5C /* UMAnalytics.framework in Frameworks */ = {isa = PBXBuildFile; fileRef = 187711B3217B5B110086DE5C /* UMAnalytics.framework */; };
		7A51168A2174787C00846047 /* 绵阳@2x.png in Resources */ = {isa = PBXBuildFile; fileRef = 7A5116702174787C00846047 /* 绵阳@2x.png */; };
		7A51168B2174787C00846047 /* 老鼠@2x.png in Resources */ = {isa = PBXBuildFile; fileRef = 7A5116712174787C00846047 /* 老鼠@2x.png */; };
		7A51168C2174787C00846047 /* 白兔@2x.png in Resources */ = {isa = PBXBuildFile; fileRef = 7A5116722174787C00846047 /* 白兔@2x.png */; };
		7A51168D2174787C00846047 /* img9.jpg in Resources */ = {isa = PBXBuildFile; fileRef = 7A5116732174787C00846047 /* img9.jpg */; };
		7A51168E2174787C00846047 /* img8.jpg in Resources */ = {isa = PBXBuildFile; fileRef = 7A5116742174787C00846047 /* img8.jpg */; };
		7A51168F2174787C00846047 /* img5.jpg in Resources */ = {isa = PBXBuildFile; fileRef = 7A5116752174787C00846047 /* img5.jpg */; };
		7A5116902174787C00846047 /* img4.jpg in Resources */ = {isa = PBXBuildFile; fileRef = 7A5116762174787C00846047 /* img4.jpg */; };
		7A5116912174787C00846047 /* img6.jpg in Resources */ = {isa = PBXBuildFile; fileRef = 7A5116772174787C00846047 /* img6.jpg */; };
		7A5116922174787C00846047 /* img7.jpg in Resources */ = {isa = PBXBuildFile; fileRef = 7A5116782174787C00846047 /* img7.jpg */; };
		7A5116932174787C00846047 /* img3.jpg in Resources */ = {isa = PBXBuildFile; fileRef = 7A5116792174787C00846047 /* img3.jpg */; };
		7A5116942174787C00846047 /* img2.jpg in Resources */ = {isa = PBXBuildFile; fileRef = 7A51167A2174787C00846047 /* img2.jpg */; };
		7A5116952174787C00846047 /* img0.jpg in Resources */ = {isa = PBXBuildFile; fileRef = 7A51167B2174787C00846047 /* img0.jpg */; };
		7A5116962174787C00846047 /* img1.jpg in Resources */ = {isa = PBXBuildFile; fileRef = 7A51167C2174787C00846047 /* img1.jpg */; };
		7A5116972174787C00846047 /* img11.jpg in Resources */ = {isa = PBXBuildFile; fileRef = 7A51167D2174787C00846047 /* img11.jpg */; };
		7A5116982174787C00846047 /* img10.jpg in Resources */ = {isa = PBXBuildFile; fileRef = 7A51167E2174787C00846047 /* img10.jpg */; };
		7A5116A3217478D300846047 /* CompositionListViewController.m in Sources */ = {isa = PBXBuildFile; fileRef = 7A5116A2217478D300846047 /* CompositionListViewController.m */; };
		7A5116AC21747C9700846047 /* AVFoundation.framework in Frameworks */ = {isa = PBXBuildFile; fileRef = 7A5116AB21747C9600846047 /* AVFoundation.framework */; };
		7A674E0621742C3A00009DC3 /* AppDelegate.m in Sources */ = {isa = PBXBuildFile; fileRef = 7A674E0521742C3A00009DC3 /* AppDelegate.m */; };
		7A674E0921742C3A00009DC3 /* ViewController.m in Sources */ = {isa = PBXBuildFile; fileRef = 7A674E0821742C3A00009DC3 /* ViewController.m */; };
		7A674E0C21742C3A00009DC3 /* Main.storyboard in Resources */ = {isa = PBXBuildFile; fileRef = 7A674E0A21742C3A00009DC3 /* Main.storyboard */; };
		7A674E0E21742C3B00009DC3 /* Assets.xcassets in Resources */ = {isa = PBXBuildFile; fileRef = 7A674E0D21742C3B00009DC3 /* Assets.xcassets */; };
		7A674E1121742C3B00009DC3 /* LaunchScreen.storyboard in Resources */ = {isa = PBXBuildFile; fileRef = 7A674E0F21742C3B00009DC3 /* LaunchScreen.storyboard */; };
		7A674E1421742C3B00009DC3 /* main.m in Sources */ = {isa = PBXBuildFile; fileRef = 7A674E1321742C3B00009DC3 /* main.m */; };
		7A674E1E21742C3C00009DC3 /* ClipVideoUITests.m in Sources */ = {isa = PBXBuildFile; fileRef = 7A674E1D21742C3C00009DC3 /* ClipVideoUITests.m */; };
		7AB3CA58217F3F12002216C2 /* libZJClipVideo.a in Frameworks */ = {isa = PBXBuildFile; fileRef = 7AB3CA57217F3EFD002216C2 /* libZJClipVideo.a */; };
/* End PBXBuildFile section */

/* Begin PBXContainerItemProxy section */
		7A674E1A21742C3C00009DC3 /* PBXContainerItemProxy */ = {
			isa = PBXContainerItemProxy;
			containerPortal = 7A674DF921742C3A00009DC3 /* Project object */;
			proxyType = 1;
			remoteGlobalIDString = 7A674E0021742C3A00009DC3;
			remoteInfo = ClipVideo;
		};
		7AB3CA56217F3EFD002216C2 /* PBXContainerItemProxy */ = {
			isa = PBXContainerItemProxy;
			containerPortal = 7AB3CA52217F3EFD002216C2 /* ZJClipVideo.xcodeproj */;
			proxyType = 2;
			remoteGlobalIDString = 7A674E3E21742D3300009DC3;
			remoteInfo = ZJClipVideo;
		};
/* End PBXContainerItemProxy section */

/* Begin PBXFileReference section */
		187711A8217B57810086DE5C /* UMCommon.framework */ = {isa = PBXFileReference; lastKnownFileType = wrapper.framework; path = UMCommon.framework; sourceTree = "<group>"; };
		187711AA217B589E0086DE5C /* CoreTelephony.framework */ = {isa = PBXFileReference; lastKnownFileType = wrapper.framework; name = CoreTelephony.framework; path = System/Library/Frameworks/CoreTelephony.framework; sourceTree = SDKROOT; };
		187711AC217B58A70086DE5C /* libz.tbd */ = {isa = PBXFileReference; lastKnownFileType = "sourcecode.text-based-dylib-definition"; name = libz.tbd; path = usr/lib/libz.tbd; sourceTree = SDKROOT; };
		187711AE217B58BA0086DE5C /* libsqlite3.tbd */ = {isa = PBXFileReference; lastKnownFileType = "sourcecode.text-based-dylib-definition"; name = libsqlite3.tbd; path = usr/lib/libsqlite3.tbd; sourceTree = SDKROOT; };
		187711B0217B58C60086DE5C /* SystemConfiguration.framework */ = {isa = PBXFileReference; lastKnownFileType = wrapper.framework; name = SystemConfiguration.framework; path = System/Library/Frameworks/SystemConfiguration.framework; sourceTree = SDKROOT; };
		187711B3217B5B110086DE5C /* UMAnalytics.framework */ = {isa = PBXFileReference; lastKnownFileType = wrapper.framework; path = UMAnalytics.framework; sourceTree = "<group>"; };
		7A35ED882174B02C00646560 /* CoreVideo.framework */ = {isa = PBXFileReference; lastKnownFileType = wrapper.framework; name = CoreVideo.framework; path = System/Library/Frameworks/CoreVideo.framework; sourceTree = SDKROOT; };
		7A5116702174787C00846047 /* 绵阳@2x.png */ = {isa = PBXFileReference; lastKnownFileType = image.png; path = "绵阳@2x.png"; sourceTree = "<group>"; };
		7A5116712174787C00846047 /* 老鼠@2x.png */ = {isa = PBXFileReference; lastKnownFileType = image.png; path = "老鼠@2x.png"; sourceTree = "<group>"; };
		7A5116722174787C00846047 /* 白兔@2x.png */ = {isa = PBXFileReference; lastKnownFileType = image.png; path = "白兔@2x.png"; sourceTree = "<group>"; };
		7A5116732174787C00846047 /* img9.jpg */ = {isa = PBXFileReference; lastKnownFileType = image.jpeg; path = img9.jpg; sourceTree = "<group>"; };
		7A5116742174787C00846047 /* img8.jpg */ = {isa = PBXFileReference; lastKnownFileType = image.jpeg; path = img8.jpg; sourceTree = "<group>"; };
		7A5116752174787C00846047 /* img5.jpg */ = {isa = PBXFileReference; lastKnownFileType = image.jpeg; path = img5.jpg; sourceTree = "<group>"; };
		7A5116762174787C00846047 /* img4.jpg */ = {isa = PBXFileReference; lastKnownFileType = image.jpeg; path = img4.jpg; sourceTree = "<group>"; };
		7A5116772174787C00846047 /* img6.jpg */ = {isa = PBXFileReference; lastKnownFileType = image.jpeg; path = img6.jpg; sourceTree = "<group>"; };
		7A5116782174787C00846047 /* img7.jpg */ = {isa = PBXFileReference; lastKnownFileType = image.jpeg; path = img7.jpg; sourceTree = "<group>"; };
		7A5116792174787C00846047 /* img3.jpg */ = {isa = PBXFileReference; lastKnownFileType = image.jpeg; path = img3.jpg; sourceTree = "<group>"; };
		7A51167A2174787C00846047 /* img2.jpg */ = {isa = PBXFileReference; lastKnownFileType = image.jpeg; path = img2.jpg; sourceTree = "<group>"; };
		7A51167B2174787C00846047 /* img0.jpg */ = {isa = PBXFileReference; lastKnownFileType = image.jpeg; path = img0.jpg; sourceTree = "<group>"; };
		7A51167C2174787C00846047 /* img1.jpg */ = {isa = PBXFileReference; lastKnownFileType = image.jpeg; path = img1.jpg; sourceTree = "<group>"; };
		7A51167D2174787C00846047 /* img11.jpg */ = {isa = PBXFileReference; lastKnownFileType = image.jpeg; path = img11.jpg; sourceTree = "<group>"; };
		7A51167E2174787C00846047 /* img10.jpg */ = {isa = PBXFileReference; lastKnownFileType = image.jpeg; path = img10.jpg; sourceTree = "<group>"; };
		7A5116A1217478D300846047 /* CompositionListViewController.h */ = {isa = PBXFileReference; fileEncoding = 4; lastKnownFileType = sourcecode.c.h; path = CompositionListViewController.h; sourceTree = "<group>"; };
		7A5116A2217478D300846047 /* CompositionListViewController.m */ = {isa = PBXFileReference; fileEncoding = 4; lastKnownFileType = sourcecode.c.objc; path = CompositionListViewController.m; sourceTree = "<group>"; };
		7A5116AB21747C9600846047 /* AVFoundation.framework */ = {isa = PBXFileReference; lastKnownFileType = wrapper.framework; name = AVFoundation.framework; path = System/Library/Frameworks/AVFoundation.framework; sourceTree = SDKROOT; };
		7A5116AD217486B100846047 /* libc++abi.tbd */ = {isa = PBXFileReference; lastKnownFileType = "sourcecode.text-based-dylib-definition"; name = "libc++abi.tbd"; path = "usr/lib/libc++abi.tbd"; sourceTree = SDKROOT; };
		7A674E0121742C3A00009DC3 /* ClipVideo.app */ = {isa = PBXFileReference; explicitFileType = wrapper.application; includeInIndex = 0; path = ClipVideo.app; sourceTree = BUILT_PRODUCTS_DIR; };
		7A674E0421742C3A00009DC3 /* AppDelegate.h */ = {isa = PBXFileReference; lastKnownFileType = sourcecode.c.h; path = AppDelegate.h; sourceTree = "<group>"; };
		7A674E0521742C3A00009DC3 /* AppDelegate.m */ = {isa = PBXFileReference; lastKnownFileType = sourcecode.c.objc; path = AppDelegate.m; sourceTree = "<group>"; };
		7A674E0721742C3A00009DC3 /* ViewController.h */ = {isa = PBXFileReference; lastKnownFileType = sourcecode.c.h; path = ViewController.h; sourceTree = "<group>"; };
		7A674E0821742C3A00009DC3 /* ViewController.m */ = {isa = PBXFileReference; lastKnownFileType = sourcecode.c.objc; path = ViewController.m; sourceTree = "<group>"; };
		7A674E0B21742C3A00009DC3 /* Base */ = {isa = PBXFileReference; lastKnownFileType = file.storyboard; name = Base; path = Base.lproj/Main.storyboard; sourceTree = "<group>"; };
		7A674E0D21742C3B00009DC3 /* Assets.xcassets */ = {isa = PBXFileReference; lastKnownFileType = folder.assetcatalog; path = Assets.xcassets; sourceTree = "<group>"; };
		7A674E1021742C3B00009DC3 /* Base */ = {isa = PBXFileReference; lastKnownFileType = file.storyboard; name = Base; path = Base.lproj/LaunchScreen.storyboard; sourceTree = "<group>"; };
		7A674E1221742C3B00009DC3 /* Info.plist */ = {isa = PBXFileReference; lastKnownFileType = text.plist.xml; path = Info.plist; sourceTree = "<group>"; };
		7A674E1321742C3B00009DC3 /* main.m */ = {isa = PBXFileReference; lastKnownFileType = sourcecode.c.objc; path = main.m; sourceTree = "<group>"; };
		7A674E1921742C3C00009DC3 /* ClipVideoUITests.xctest */ = {isa = PBXFileReference; explicitFileType = wrapper.cfbundle; includeInIndex = 0; path = ClipVideoUITests.xctest; sourceTree = BUILT_PRODUCTS_DIR; };
		7A674E1D21742C3C00009DC3 /* ClipVideoUITests.m */ = {isa = PBXFileReference; lastKnownFileType = sourcecode.c.objc; path = ClipVideoUITests.m; sourceTree = "<group>"; };
		7A674E1F21742C3C00009DC3 /* Info.plist */ = {isa = PBXFileReference; lastKnownFileType = text.plist.xml; path = Info.plist; sourceTree = "<group>"; };
		7AB3CA52217F3EFD002216C2 /* ZJClipVideo.xcodeproj */ = {isa = PBXFileReference; lastKnownFileType = "wrapper.pb-project"; name = ZJClipVideo.xcodeproj; path = ../../../sdks/ZJClipVideo/ZJClipVideo.xcodeproj; sourceTree = "<group>"; };
/* End PBXFileReference section */

/* Begin PBXFrameworksBuildPhase section */
		7A674DFE21742C3A00009DC3 /* Frameworks */ = {
			isa = PBXFrameworksBuildPhase;
			buildActionMask = 2147483647;
			files = (
				7AB3CA58217F3F12002216C2 /* libZJClipVideo.a in Frameworks */,
				187711B1217B58C60086DE5C /* SystemConfiguration.framework in Frameworks */,
				187711AF217B58BB0086DE5C /* libsqlite3.tbd in Frameworks */,
				187711AD217B58A70086DE5C /* libz.tbd in Frameworks */,
				187711B4217B5B110086DE5C /* UMAnalytics.framework in Frameworks */,
				187711AB217B589E0086DE5C /* CoreTelephony.framework in Frameworks */,
				187711A9217B57810086DE5C /* UMCommon.framework in Frameworks */,
				7A5116AC21747C9700846047 /* AVFoundation.framework in Frameworks */,
			);
			runOnlyForDeploymentPostprocessing = 0;
		};
		7A674E1621742C3C00009DC3 /* Frameworks */ = {
			isa = PBXFrameworksBuildPhase;
			buildActionMask = 2147483647;
			files = (
			);
			runOnlyForDeploymentPostprocessing = 0;
		};
/* End PBXFrameworksBuildPhase section */

/* Begin PBXGroup section */
		1877119E217B1A410086DE5C /* libs */ = {
			isa = PBXGroup;
			children = (
				7AB3CA52217F3EFD002216C2 /* ZJClipVideo.xcodeproj */,
				187711B2217B5B110086DE5C /* analytics_ios_5.5.1 */,
				187711A6217B57810086DE5C /* common_ios_1.5.2 */,
			);
			path = libs;
			sourceTree = "<group>";
		};
		187711A6217B57810086DE5C /* common_ios_1.5.2 */ = {
			isa = PBXGroup;
			children = (
				187711A7217B57810086DE5C /* normal */,
			);
			path = common_ios_1.5.2;
			sourceTree = "<group>";
		};
		187711A7217B57810086DE5C /* normal */ = {
			isa = PBXGroup;
			children = (
				187711A8217B57810086DE5C /* UMCommon.framework */,
			);
			path = normal;
			sourceTree = "<group>";
		};
		187711B2217B5B110086DE5C /* analytics_ios_5.5.1 */ = {
			isa = PBXGroup;
			children = (
				187711B3217B5B110086DE5C /* UMAnalytics.framework */,
			);
			path = analytics_ios_5.5.1;
			sourceTree = "<group>";
		};
		7A51166B2174787C00846047 /* resource */ = {
			isa = PBXGroup;
			children = (
				7A51166F2174787C00846047 /* videoImage */,
			);
			path = resource;
			sourceTree = "<group>";
		};
		7A51166F2174787C00846047 /* videoImage */ = {
			isa = PBXGroup;
			children = (
				7A5116702174787C00846047 /* 绵阳@2x.png */,
				7A5116712174787C00846047 /* 老鼠@2x.png */,
				7A5116722174787C00846047 /* 白兔@2x.png */,
				7A5116732174787C00846047 /* img9.jpg */,
				7A5116742174787C00846047 /* img8.jpg */,
				7A5116752174787C00846047 /* img5.jpg */,
				7A5116762174787C00846047 /* img4.jpg */,
				7A5116772174787C00846047 /* img6.jpg */,
				7A5116782174787C00846047 /* img7.jpg */,
				7A5116792174787C00846047 /* img3.jpg */,
				7A51167A2174787C00846047 /* img2.jpg */,
				7A51167B2174787C00846047 /* img0.jpg */,
				7A51167C2174787C00846047 /* img1.jpg */,
				7A51167D2174787C00846047 /* img11.jpg */,
				7A51167E2174787C00846047 /* img10.jpg */,
			);
			path = videoImage;
			sourceTree = "<group>";
		};
		7A674DF821742C3A00009DC3 = {
			isa = PBXGroup;
			children = (
				7A674E0321742C3A00009DC3 /* ClipVideo */,
				7A674E1C21742C3C00009DC3 /* ClipVideoUITests */,
				7A674E0221742C3A00009DC3 /* Products */,
				7A674E5721742E5900009DC3 /* Frameworks */,
			);
			sourceTree = "<group>";
		};
		7A674E0221742C3A00009DC3 /* Products */ = {
			isa = PBXGroup;
			children = (
				7A674E0121742C3A00009DC3 /* ClipVideo.app */,
				7A674E1921742C3C00009DC3 /* ClipVideoUITests.xctest */,
			);
			name = Products;
			sourceTree = "<group>";
		};
		7A674E0321742C3A00009DC3 /* ClipVideo */ = {
			isa = PBXGroup;
			children = (
				1877119E217B1A410086DE5C /* libs */,
				7A51166B2174787C00846047 /* resource */,
				7A674E0421742C3A00009DC3 /* AppDelegate.h */,
				7A674E0521742C3A00009DC3 /* AppDelegate.m */,
				7A674E0721742C3A00009DC3 /* ViewController.h */,
				7A674E0821742C3A00009DC3 /* ViewController.m */,
				7A5116A1217478D300846047 /* CompositionListViewController.h */,
				7A5116A2217478D300846047 /* CompositionListViewController.m */,
				7A674E0A21742C3A00009DC3 /* Main.storyboard */,
				7A674E0D21742C3B00009DC3 /* Assets.xcassets */,
				7A674E0F21742C3B00009DC3 /* LaunchScreen.storyboard */,
				7A674E1221742C3B00009DC3 /* Info.plist */,
				7A674E1321742C3B00009DC3 /* main.m */,
			);
			path = ClipVideo;
			sourceTree = "<group>";
		};
		7A674E1C21742C3C00009DC3 /* ClipVideoUITests */ = {
			isa = PBXGroup;
			children = (
				7A674E1D21742C3C00009DC3 /* ClipVideoUITests.m */,
				7A674E1F21742C3C00009DC3 /* Info.plist */,
			);
			path = ClipVideoUITests;
			sourceTree = "<group>";
		};
		7A674E5721742E5900009DC3 /* Frameworks */ = {
			isa = PBXGroup;
			children = (
				187711B0217B58C60086DE5C /* SystemConfiguration.framework */,
				187711AE217B58BA0086DE5C /* libsqlite3.tbd */,
				187711AC217B58A70086DE5C /* libz.tbd */,
				187711AA217B589E0086DE5C /* CoreTelephony.framework */,
				7A35ED882174B02C00646560 /* CoreVideo.framework */,
				7A5116AD217486B100846047 /* libc++abi.tbd */,
				7A5116AB21747C9600846047 /* AVFoundation.framework */,
			);
			name = Frameworks;
			sourceTree = "<group>";
		};
		7AB3CA53217F3EFD002216C2 /* Products */ = {
			isa = PBXGroup;
			children = (
				7AB3CA57217F3EFD002216C2 /* libZJClipVideo.a */,
			);
			name = Products;
			sourceTree = "<group>";
		};
/* End PBXGroup section */

/* Begin PBXNativeTarget section */
		7A674E0021742C3A00009DC3 /* ClipVideo */ = {
			isa = PBXNativeTarget;
			buildConfigurationList = 7A674E2221742C3C00009DC3 /* Build configuration list for PBXNativeTarget "ClipVideo" */;
			buildPhases = (
				7A674DFD21742C3A00009DC3 /* Sources */,
				7A674DFE21742C3A00009DC3 /* Frameworks */,
				7A674DFF21742C3A00009DC3 /* Resources */,
			);
			buildRules = (
			);
			dependencies = (
			);
			name = ClipVideo;
			productName = ClipVideo;
			productReference = 7A674E0121742C3A00009DC3 /* ClipVideo.app */;
			productType = "com.apple.product-type.application";
		};
		7A674E1821742C3C00009DC3 /* ClipVideoUITests */ = {
			isa = PBXNativeTarget;
			buildConfigurationList = 7A674E2521742C3C00009DC3 /* Build configuration list for PBXNativeTarget "ClipVideoUITests" */;
			buildPhases = (
				7A674E1521742C3C00009DC3 /* Sources */,
				7A674E1621742C3C00009DC3 /* Frameworks */,
				7A674E1721742C3C00009DC3 /* Resources */,
			);
			buildRules = (
			);
			dependencies = (
				7A674E1B21742C3C00009DC3 /* PBXTargetDependency */,
			);
			name = ClipVideoUITests;
			productName = ClipVideoUITests;
			productReference = 7A674E1921742C3C00009DC3 /* ClipVideoUITests.xctest */;
			productType = "com.apple.product-type.bundle.ui-testing";
		};
/* End PBXNativeTarget section */

/* Begin PBXProject section */
		7A674DF921742C3A00009DC3 /* Project object */ = {
			isa = PBXProject;
			attributes = {
				LastUpgradeCheck = 1000;
				ORGANIZATIONNAME = zsw;
				TargetAttributes = {
					7A674E0021742C3A00009DC3 = {
						CreatedOnToolsVersion = 10.0;
					};
					7A674E1821742C3C00009DC3 = {
						CreatedOnToolsVersion = 10.0;
						TestTargetID = 7A674E0021742C3A00009DC3;
					};
				};
			};
			buildConfigurationList = 7A674DFC21742C3A00009DC3 /* Build configuration list for PBXProject "ClipVideo" */;
			compatibilityVersion = "Xcode 9.3";
			developmentRegion = en;
			hasScannedForEncodings = 0;
			knownRegions = (
				en,
				Base,
			);
			mainGroup = 7A674DF821742C3A00009DC3;
			productRefGroup = 7A674E0221742C3A00009DC3 /* Products */;
			projectDirPath = "";
			projectReferences = (
				{
					ProductGroup = 7AB3CA53217F3EFD002216C2 /* Products */;
					ProjectRef = 7AB3CA52217F3EFD002216C2 /* ZJClipVideo.xcodeproj */;
				},
			);
			projectRoot = "";
			targets = (
				7A674E0021742C3A00009DC3 /* ClipVideo */,
				7A674E1821742C3C00009DC3 /* ClipVideoUITests */,
			);
		};
/* End PBXProject section */

/* Begin PBXReferenceProxy section */
		7AB3CA57217F3EFD002216C2 /* libZJClipVideo.a */ = {
			isa = PBXReferenceProxy;
			fileType = archive.ar;
			path = libZJClipVideo.a;
			remoteRef = 7AB3CA56217F3EFD002216C2 /* PBXContainerItemProxy */;
			sourceTree = BUILT_PRODUCTS_DIR;
		};
/* End PBXReferenceProxy section */

/* Begin PBXResourcesBuildPhase section */
		7A674DFF21742C3A00009DC3 /* Resources */ = {
			isa = PBXResourcesBuildPhase;
			buildActionMask = 2147483647;
			files = (
				7A5116922174787C00846047 /* img7.jpg in Resources */,
				7A51168F2174787C00846047 /* img5.jpg in Resources */,
				7A5116972174787C00846047 /* img11.jpg in Resources */,
				7A51168D2174787C00846047 /* img9.jpg in Resources */,
				7A5116952174787C00846047 /* img0.jpg in Resources */,
				7A674E1121742C3B00009DC3 /* LaunchScreen.storyboard in Resources */,
				7A674E0E21742C3B00009DC3 /* Assets.xcassets in Resources */,
				7A5116962174787C00846047 /* img1.jpg in Resources */,
				7A5116902174787C00846047 /* img4.jpg in Resources */,
				7A5116932174787C00846047 /* img3.jpg in Resources */,
				7A51168A2174787C00846047 /* 绵阳@2x.png in Resources */,
				7A5116912174787C00846047 /* img6.jpg in Resources */,
				7A674E0C21742C3A00009DC3 /* Main.storyboard in Resources */,
				7A51168E2174787C00846047 /* img8.jpg in Resources */,
				7A51168C2174787C00846047 /* 白兔@2x.png in Resources */,
				7A5116942174787C00846047 /* img2.jpg in Resources */,
				7A51168B2174787C00846047 /* 老鼠@2x.png in Resources */,
				7A5116982174787C00846047 /* img10.jpg in Resources */,
			);
			runOnlyForDeploymentPostprocessing = 0;
		};
		7A674E1721742C3C00009DC3 /* Resources */ = {
			isa = PBXResourcesBuildPhase;
			buildActionMask = 2147483647;
			files = (
			);
			runOnlyForDeploymentPostprocessing = 0;
		};
/* End PBXResourcesBuildPhase section */

/* Begin PBXSourcesBuildPhase section */
		7A674DFD21742C3A00009DC3 /* Sources */ = {
			isa = PBXSourcesBuildPhase;
			buildActionMask = 2147483647;
			files = (
				7A674E0921742C3A00009DC3 /* ViewController.m in Sources */,
				7A5116A3217478D300846047 /* CompositionListViewController.m in Sources */,
				7A674E1421742C3B00009DC3 /* main.m in Sources */,
				7A674E0621742C3A00009DC3 /* AppDelegate.m in Sources */,
			);
			runOnlyForDeploymentPostprocessing = 0;
		};
		7A674E1521742C3C00009DC3 /* Sources */ = {
			isa = PBXSourcesBuildPhase;
			buildActionMask = 2147483647;
			files = (
				7A674E1E21742C3C00009DC3 /* ClipVideoUITests.m in Sources */,
			);
			runOnlyForDeploymentPostprocessing = 0;
		};
/* End PBXSourcesBuildPhase section */

/* Begin PBXTargetDependency section */
		7A674E1B21742C3C00009DC3 /* PBXTargetDependency */ = {
			isa = PBXTargetDependency;
			target = 7A674E0021742C3A00009DC3 /* ClipVideo */;
			targetProxy = 7A674E1A21742C3C00009DC3 /* PBXContainerItemProxy */;
		};
/* End PBXTargetDependency section */

/* Begin PBXVariantGroup section */
		7A674E0A21742C3A00009DC3 /* Main.storyboard */ = {
			isa = PBXVariantGroup;
			children = (
				7A674E0B21742C3A00009DC3 /* Base */,
			);
			name = Main.storyboard;
			sourceTree = "<group>";
		};
		7A674E0F21742C3B00009DC3 /* LaunchScreen.storyboard */ = {
			isa = PBXVariantGroup;
			children = (
				7A674E1021742C3B00009DC3 /* Base */,
			);
			name = LaunchScreen.storyboard;
			sourceTree = "<group>";
		};
/* End PBXVariantGroup section */

/* Begin XCBuildConfiguration section */
		7A674E2021742C3C00009DC3 /* Debug */ = {
			isa = XCBuildConfiguration;
			buildSettings = {
				ALWAYS_SEARCH_USER_PATHS = NO;
				CLANG_ANALYZER_NONNULL = YES;
				CLANG_ANALYZER_NUMBER_OBJECT_CONVERSION = YES_AGGRESSIVE;
				CLANG_CXX_LANGUAGE_STANDARD = "gnu++14";
				CLANG_CXX_LIBRARY = "libc++";
				CLANG_ENABLE_MODULES = YES;
				CLANG_ENABLE_OBJC_ARC = YES;
				CLANG_ENABLE_OBJC_WEAK = YES;
				CLANG_WARN_BLOCK_CAPTURE_AUTORELEASING = YES;
				CLANG_WARN_BOOL_CONVERSION = YES;
				CLANG_WARN_COMMA = YES;
				CLANG_WARN_CONSTANT_CONVERSION = YES;
				CLANG_WARN_DEPRECATED_OBJC_IMPLEMENTATIONS = YES;
				CLANG_WARN_DIRECT_OBJC_ISA_USAGE = YES_ERROR;
				CLANG_WARN_DOCUMENTATION_COMMENTS = YES;
				CLANG_WARN_EMPTY_BODY = YES;
				CLANG_WARN_ENUM_CONVERSION = YES;
				CLANG_WARN_INFINITE_RECURSION = YES;
				CLANG_WARN_INT_CONVERSION = YES;
				CLANG_WARN_NON_LITERAL_NULL_CONVERSION = YES;
				CLANG_WARN_OBJC_IMPLICIT_RETAIN_SELF = YES;
				CLANG_WARN_OBJC_LITERAL_CONVERSION = YES;
				CLANG_WARN_OBJC_ROOT_CLASS = YES_ERROR;
				CLANG_WARN_RANGE_LOOP_ANALYSIS = YES;
				CLANG_WARN_STRICT_PROTOTYPES = YES;
				CLANG_WARN_SUSPICIOUS_MOVE = YES;
				CLANG_WARN_UNGUARDED_AVAILABILITY = YES_AGGRESSIVE;
				CLANG_WARN_UNREACHABLE_CODE = YES;
				CLANG_WARN__DUPLICATE_METHOD_MATCH = YES;
				CODE_SIGN_IDENTITY = "iPhone Developer";
				COPY_PHASE_STRIP = NO;
				DEBUG_INFORMATION_FORMAT = dwarf;
				ENABLE_STRICT_OBJC_MSGSEND = YES;
				ENABLE_TESTABILITY = YES;
				GCC_C_LANGUAGE_STANDARD = gnu11;
				GCC_DYNAMIC_NO_PIC = NO;
				GCC_NO_COMMON_BLOCKS = YES;
				GCC_OPTIMIZATION_LEVEL = 0;
				GCC_PREPROCESSOR_DEFINITIONS = (
					"DEBUG=1",
					"$(inherited)",
				);
				GCC_WARN_64_TO_32_BIT_CONVERSION = YES;
				GCC_WARN_ABOUT_RETURN_TYPE = YES_ERROR;
				GCC_WARN_UNDECLARED_SELECTOR = YES;
				GCC_WARN_UNINITIALIZED_AUTOS = YES_AGGRESSIVE;
				GCC_WARN_UNUSED_FUNCTION = YES;
				GCC_WARN_UNUSED_VARIABLE = YES;
				IPHONEOS_DEPLOYMENT_TARGET = 12.0;
				MTL_ENABLE_DEBUG_INFO = INCLUDE_SOURCE;
				MTL_FAST_MATH = YES;
				ONLY_ACTIVE_ARCH = YES;
				SDKROOT = iphoneos;
			};
			name = Debug;
		};
		7A674E2121742C3C00009DC3 /* Release */ = {
			isa = XCBuildConfiguration;
			buildSettings = {
				ALWAYS_SEARCH_USER_PATHS = NO;
				CLANG_ANALYZER_NONNULL = YES;
				CLANG_ANALYZER_NUMBER_OBJECT_CONVERSION = YES_AGGRESSIVE;
				CLANG_CXX_LANGUAGE_STANDARD = "gnu++14";
				CLANG_CXX_LIBRARY = "libc++";
				CLANG_ENABLE_MODULES = YES;
				CLANG_ENABLE_OBJC_ARC = YES;
				CLANG_ENABLE_OBJC_WEAK = YES;
				CLANG_WARN_BLOCK_CAPTURE_AUTORELEASING = YES;
				CLANG_WARN_BOOL_CONVERSION = YES;
				CLANG_WARN_COMMA = YES;
				CLANG_WARN_CONSTANT_CONVERSION = YES;
				CLANG_WARN_DEPRECATED_OBJC_IMPLEMENTATIONS = YES;
				CLANG_WARN_DIRECT_OBJC_ISA_USAGE = YES_ERROR;
				CLANG_WARN_DOCUMENTATION_COMMENTS = YES;
				CLANG_WARN_EMPTY_BODY = YES;
				CLANG_WARN_ENUM_CONVERSION = YES;
				CLANG_WARN_INFINITE_RECURSION = YES;
				CLANG_WARN_INT_CONVERSION = YES;
				CLANG_WARN_NON_LITERAL_NULL_CONVERSION = YES;
				CLANG_WARN_OBJC_IMPLICIT_RETAIN_SELF = YES;
				CLANG_WARN_OBJC_LITERAL_CONVERSION = YES;
				CLANG_WARN_OBJC_ROOT_CLASS = YES_ERROR;
				CLANG_WARN_RANGE_LOOP_ANALYSIS = YES;
				CLANG_WARN_STRICT_PROTOTYPES = YES;
				CLANG_WARN_SUSPICIOUS_MOVE = YES;
				CLANG_WARN_UNGUARDED_AVAILABILITY = YES_AGGRESSIVE;
				CLANG_WARN_UNREACHABLE_CODE = YES;
				CLANG_WARN__DUPLICATE_METHOD_MATCH = YES;
				CODE_SIGN_IDENTITY = "iPhone Developer";
				COPY_PHASE_STRIP = NO;
				DEBUG_INFORMATION_FORMAT = "dwarf-with-dsym";
				ENABLE_NS_ASSERTIONS = NO;
				ENABLE_STRICT_OBJC_MSGSEND = YES;
				GCC_C_LANGUAGE_STANDARD = gnu11;
				GCC_NO_COMMON_BLOCKS = YES;
				GCC_WARN_64_TO_32_BIT_CONVERSION = YES;
				GCC_WARN_ABOUT_RETURN_TYPE = YES_ERROR;
				GCC_WARN_UNDECLARED_SELECTOR = YES;
				GCC_WARN_UNINITIALIZED_AUTOS = YES_AGGRESSIVE;
				GCC_WARN_UNUSED_FUNCTION = YES;
				GCC_WARN_UNUSED_VARIABLE = YES;
				IPHONEOS_DEPLOYMENT_TARGET = 12.0;
				MTL_ENABLE_DEBUG_INFO = NO;
				MTL_FAST_MATH = YES;
				SDKROOT = iphoneos;
				VALIDATE_PRODUCT = YES;
			};
			name = Release;
		};
		7A674E2321742C3C00009DC3 /* Debug */ = {
			isa = XCBuildConfiguration;
			buildSettings = {
				ASSETCATALOG_COMPILER_APPICON_NAME = AppIcon;
				CODE_SIGN_IDENTITY = "iPhone Developer: Hou Di (67BQS4U6JG)";
				CODE_SIGN_STYLE = Manual;
				DEVELOPMENT_TEAM = 8PCJDBWX47;
				ENABLE_BITCODE = NO;
				FRAMEWORK_SEARCH_PATHS = (
					"$(inherited)",
					"$(PROJECT_DIR)/ClipVideo/libs/common_ios_1.5.2/normal",
					"$(PROJECT_DIR)/ClipVideo/libs/analytics_ios_5.5.1",
				);
				HEADER_SEARCH_PATHS = (
					"\"$(SRCROOT)/../sdks/ZJClipVideo/ZJClipVideo\"",
					"\"$(SRCROOT)/../sdks/ZJClipVideo/ZJClipVideo/Manager\"",
				);
				INFOPLIST_FILE = ClipVideo/Info.plist;
				IPHONEOS_DEPLOYMENT_TARGET = 8.0;
				LD_RUNPATH_SEARCH_PATHS = (
					"$(inherited)",
					"@executable_path/Frameworks",
				);
				LIBRARY_SEARCH_PATHS = "$(inherited)";
				OTHER_LDFLAGS = "-ObjC";
				PRODUCT_BUNDLE_IDENTIFIER = com.ClipVideo;
				PRODUCT_NAME = "$(TARGET_NAME)";
				PROVISIONING_PROFILE_SPECIFIER = Dev_LetvCommon_20180528;
				TARGETED_DEVICE_FAMILY = "1,2";
			};
			name = Debug;
		};
		7A674E2421742C3C00009DC3 /* Release */ = {
			isa = XCBuildConfiguration;
			buildSettings = {
				ASSETCATALOG_COMPILER_APPICON_NAME = AppIcon;
				CODE_SIGN_IDENTITY = "iPhone Distribution: Leshi Co., Ltd";
				CODE_SIGN_STYLE = Manual;
				DEVELOPMENT_TEAM = 8PCJDBWX47;
				ENABLE_BITCODE = NO;
				FRAMEWORK_SEARCH_PATHS = (
					"$(inherited)",
					"$(PROJECT_DIR)/ClipVideo/libs/common_ios_1.5.2/normal",
					"$(PROJECT_DIR)/ClipVideo/libs/analytics_ios_5.5.1",
				);
				HEADER_SEARCH_PATHS = (
					"\"$(SRCROOT)/../sdks/ZJClipVideo/ZJClipVideo\"",
					"\"$(SRCROOT)/../sdks/ZJClipVideo/ZJClipVideo/Manager\"",
				);
				INFOPLIST_FILE = ClipVideo/Info.plist;
				IPHONEOS_DEPLOYMENT_TARGET = 8.0;
				LD_RUNPATH_SEARCH_PATHS = (
					"$(inherited)",
					"@executable_path/Frameworks",
				);
				LIBRARY_SEARCH_PATHS = "$(inherited)";
				OTHER_LDFLAGS = "-ObjC";
				PRODUCT_BUNDLE_IDENTIFIER = com.ClipVideo;
				PRODUCT_NAME = "$(TARGET_NAME)";
				PROVISIONING_PROFILE_SPECIFIER = House_LetvCommon_20180427B;
				TARGETED_DEVICE_FAMILY = "1,2";
			};
			name = Release;
		};
		7A674E2621742C3C00009DC3 /* Debug */ = {
			isa = XCBuildConfiguration;
			buildSettings = {
				CODE_SIGN_STYLE = Automatic;
				INFOPLIST_FILE = ClipVideoUITests/Info.plist;
				LD_RUNPATH_SEARCH_PATHS = (
					"$(inherited)",
					"@executable_path/Frameworks",
					"@loader_path/Frameworks",
				);
				PRODUCT_BUNDLE_IDENTIFIER = "---.ClipVideoUITests";
				PRODUCT_NAME = "$(TARGET_NAME)";
				TARGETED_DEVICE_FAMILY = "1,2";
				TEST_TARGET_NAME = ClipVideo;
			};
			name = Debug;
		};
		7A674E2721742C3C00009DC3 /* Release */ = {
			isa = XCBuildConfiguration;
			buildSettings = {
				CODE_SIGN_STYLE = Automatic;
				INFOPLIST_FILE = ClipVideoUITests/Info.plist;
				LD_RUNPATH_SEARCH_PATHS = (
					"$(inherited)",
					"@executable_path/Frameworks",
					"@loader_path/Frameworks",
				);
				PRODUCT_BUNDLE_IDENTIFIER = "---.ClipVideoUITests";
				PRODUCT_NAME = "$(TARGET_NAME)";
				TARGETED_DEVICE_FAMILY = "1,2";
				TEST_TARGET_NAME = ClipVideo;
			};
			name = Release;
		};
/* End XCBuildConfiguration section */

/* Begin XCConfigurationList section */
		7A674DFC21742C3A00009DC3 /* Build configuration list for PBXProject "ClipVideo" */ = {
			isa = XCConfigurationList;
			buildConfigurations = (
				7A674E2021742C3C00009DC3 /* Debug */,
				7A674E2121742C3C00009DC3 /* Release */,
			);
			defaultConfigurationIsVisible = 0;
			defaultConfigurationName = Release;
		};
		7A674E2221742C3C00009DC3 /* Build configuration list for PBXNativeTarget "ClipVideo" */ = {
			isa = XCConfigurationList;
			buildConfigurations = (
				7A674E2321742C3C00009DC3 /* Debug */,
				7A674E2421742C3C00009DC3 /* Release */,
			);
			defaultConfigurationIsVisible = 0;
			defaultConfigurationName = Release;
		};
		7A674E2521742C3C00009DC3 /* Build configuration list for PBXNativeTarget "ClipVideoUITests" */ = {
			isa = XCConfigurationList;
			buildConfigurations = (
				7A674E2621742C3C00009DC3 /* Debug */,
				7A674E2721742C3C00009DC3 /* Release */,
			);
			defaultConfigurationIsVisible = 0;
			defaultConfigurationName = Release;
		};
/* End XCConfigurationList section */
	};
	rootObject = 7A674DF921742C3A00009DC3 /* Project object */;
}
